
Microsoft Visual Studio Solution File, Format Version 12.00
# Visual Studio 2012
Project("{FAE04EC0-301F-11D3-BF4B-00C04F79EFBC}") = "BazaarBot.Engine", "BazaarBot.Engine\BazaarBot.Engine.csproj", "{E8BF36C1-73A0-41FF-876D-5F3BED1D92BA}"
EndProject
Project("{FAE04EC0-301F-11D3-BF4B-00C04F79EFBC}") = "BazaarBot.Tests", "BazaarBot.Tests\BazaarBot.Tests.csproj", "{25671E54-7513-45A2-8FBB-CB8F617BE3B2}"
EndProject
Project("{FAE04EC0-301F-11D3-BF4B-00C04F79EFBC}") = "BazaarBot.ConsoleApp", "BazaarBot.ConsoleApp\BazaarBot.ConsoleApp.csproj", "{61898364-BE9F-42FB-AFBA-A8F61AA3B165}"
EndProject
Project("{2150E333-8FDC-42A3-9474-1A3956D46DE8}") = "Solution Items", "Solution Items", "{C4CCF12A-60CE-4A02-BA25-094BD59B91C0}"
	ProjectSection(SolutionItems) = preProject
		README.md = README.md
	EndProjectSection
EndProject
Project("{FAE04EC0-301F-11D3-BF4B-00C04F79EFBC}") = "BazaarBot.WpfApp", "BazaarBot.WpfApp\BazaarBot.WpfApp.csproj", "{6676B4DD-4668-4EBB-B957-0261E8F506B8}"
EndProject
Global
	GlobalSection(SolutionConfigurationPlatforms) = preSolution
		Debug|Any CPU = Debug|Any CPU
		Release|Any CPU = Release|Any CPU
	EndGlobalSection
	GlobalSection(ProjectConfigurationPlatforms) = postSolution
		{E8BF36C1-73A0-41FF-876D-5F3BED1D92BA}.Debug|Any CPU.ActiveCfg = Debug|Any CPU
		{E8BF36C1-73A0-41FF-876D-5F3BED1D92BA}.Debug|Any CPU.Build.0 = Debug|Any CPU
		{E8BF36C1-73A0-41FF-876D-5F3BED1D92BA}.Release|Any CPU.ActiveCfg = Release|Any CPU
		{E8BF36C1-73A0-41FF-876D-5F3BED1D92BA}.Release|Any CPU.Build.0 = Release|Any CPU
		{25671E54-7513-45A2-8FBB-CB8F617BE3B2}.Debug|Any CPU.ActiveCfg = Debug|Any CPU
		{25671E54-7513-45A2-8FBB-CB8F617BE3B2}.Debug|Any CPU.Build.0 = Debug|Any CPU
		{25671E54-7513-45A2-8FBB-CB8F617BE3B2}.Release|Any CPU.ActiveCfg = Release|Any CPU
		{25671E54-7513-45A2-8FBB-CB8F617BE3B2}.Release|Any CPU.Build.0 = Release|Any CPU
		{61898364-BE9F-42FB-AFBA-A8F61AA3B165}.Debug|Any CPU.ActiveCfg = Debug|Any CPU
		{61898364-BE9F-42FB-AFBA-A8F61AA3B165}.Debug|Any CPU.Build.0 = Debug|Any CPU
		{61898364-BE9F-42FB-AFBA-A8F61AA3B165}.Release|Any CPU.ActiveCfg = Release|Any CPU
		{61898364-BE9F-42FB-AFBA-A8F61AA3B165}.Release|Any CPU.Build.0 = Release|Any CPU
		{6676B4DD-4668-4EBB-B957-0261E8F506B8}.Debug|Any CPU.ActiveCfg = Debug|Any CPU
		{6676B4DD-4668-4EBB-B957-0261E8F506B8}.Debug|Any CPU.Build.0 = Debug|Any CPU
		{6676B4DD-4668-4EBB-B957-0261E8F506B8}.Release|Any CPU.ActiveCfg = Release|Any CPU
		{6676B4DD-4668-4EBB-B957-0261E8F506B8}.Release|Any CPU.Build.0 = Release|Any CPU
	EndGlobalSection
	GlobalSection(SolutionProperties) = preSolution
		HideSolutionNode = FALSE
	EndGlobalSection
EndGlobal
